
Microsoft Visual Studio Solution File, Format Version 12.00
# Visual Studio Version 17
VisualStudioVersion = 17.2.32616.157
MinimumVisualStudioVersion = 10.0.40219.1
Project("{FAE04EC0-301F-11D3-BF4B-00C04F79EFBC}") = "Form Submission", "Form Submission\Form Submission.csproj", "{C3663276-C9ED-459B-B827-327887EC89EE}"
EndProject
Global
	GlobalSection(SolutionConfigurationPlatforms) = preSolution
		Debug|Any CPU = Debug|Any CPU
		Release|Any CPU = Release|Any CPU
	EndGlobalSection
	GlobalSection(ProjectConfigurationPlatforms) = postSolution
		{C3663276-C9ED-459B-B827-327887EC89EE}.Debug|Any CPU.ActiveCfg = Debug|Any CPU
		{C3663276-C9ED-459B-B827-327887EC89EE}.Debug|Any CPU.Build.0 = Debug|Any CPU
		{C3663276-C9ED-459B-B827-327887EC89EE}.Release|Any CPU.ActiveCfg = Release|Any CPU
		{C3663276-C9ED-459B-B827-327887EC89EE}.Release|Any CPU.Build.0 = Release|Any CPU
	EndGlobalSection
	GlobalSection(SolutionProperties) = preSolution
		HideSolutionNode = FALSE
	EndGlobalSection
	GlobalSection(ExtensibilityGlobals) = postSolution
		SolutionGuid = {052273C5-D14E-4733-91A9-AE8AD9F987F4}
	EndGlobalSection
EndGlobal
